{
  "object": {
    "pins": [
      {
        "package": "Nodes",
        "repositoryURL": "https://github.com/Cosmo/Nodes.git",
        "state": {
          "branch": "master",
          "revision": "98bec6f7aca7bc8d7ef8f7ee1f6b9bc2a190bbf7",
          "version": null
        }
      },
      {
        "package": "OpenSwiftUI",
        "repositoryURL": "https://github.com/Cosmo/OpenSwiftUI.git",
        "state": {
          "branch": "master",
          "revision": "d6c95f8d5138b2d49324fc1024a9e7115df4736f",
          "version": null
        }
      },
      {
        "package": "Pixels",
        "repositoryURL": "https://github.com/Cosmo/Pixels.git",
        "state": {
          "branch": "master",
          "revision": "f114458eaf965ffda34af5afb42ec8da6b9352b8",
          "version": null
        }
      },
      {
        "package": "SwiftUIEmbedded",
        "repositoryURL": "https://github.com/Cosmo/SwiftUIEmbedded.git",
        "state": {
          "branch": "master",
          "revision": "5111fa501b093749002a443aeb18172ad74d6860",
          "version": null
        }
      }
    ]
  },
  "version": 1
}
